
Microsoft Visual Studio Solution File, Format Version 12.00
# Visual Studio Version 16
VisualStudioVersion = 16.0.29326.143
MinimumVisualStudioVersion = 10.0.40219.1
Project("{FAE04EC0-301F-11D3-BF4B-00C04F79EFBC}") = "RubberChicken.Shell", "RubberChicken.Shell\RubberChicken.Shell.csproj", "{8C744C99-E08E-431E-BEF1-DC25B0BCA34B}"
EndProject
Project("{FAE04EC0-301F-11D3-BF4B-00C04F79EFBC}") = "RubberChicken.Application", "RubberChicken.Application\RubberChicken.Application.csproj", "{9DCBE311-62ED-4BD3-9C9A-2C2AB1B656CC}"
EndProject
Project("{FAE04EC0-301F-11D3-BF4B-00C04F79EFBC}") = "RubberChicken.BL", "RubberChicken.BL\RubberChicken.BL.csproj", "{FDB691EA-4B6B-47ED-925B-EBD9AA726E46}"
EndProject
Project("{FAE04EC0-301F-11D3-BF4B-00C04F79EFBC}") = "RubberChicken.DAL", "RubberChicken.DAL\RubberChicken.DAL.csproj", "{9AB3EAD8-3AB5-4986-9891-9BE705973021}"
EndProject
Project("{FAE04EC0-301F-11D3-BF4B-00C04F79EFBC}") = "RubberChicken.Tests", "RubberChicken.Tests\RubberChicken.Tests.csproj", "{49F5FB84-7ADB-4C1D-B421-B3BC50B05550}"
EndProject
Project("{FAE04EC0-301F-11D3-BF4B-00C04F79EFBC}") = "RubberChicken.Logging", "RubberChicken.Logging\RubberChicken.Logging.csproj", "{D6EB4CC8-48EE-47C5-8869-D98E0CD3643E}"
EndProject
Global
	GlobalSection(SolutionConfigurationPlatforms) = preSolution
		Debug|Any CPU = Debug|Any CPU
		Release|Any CPU = Release|Any CPU
	EndGlobalSection
	GlobalSection(ProjectConfigurationPlatforms) = postSolution
		{8C744C99-E08E-431E-BEF1-DC25B0BCA34B}.Debug|Any CPU.ActiveCfg = Debug|Any CPU
		{8C744C99-E08E-431E-BEF1-DC25B0BCA34B}.Debug|Any CPU.Build.0 = Debug|Any CPU
		{8C744C99-E08E-431E-BEF1-DC25B0BCA34B}.Release|Any CPU.ActiveCfg = Release|Any CPU
		{8C744C99-E08E-431E-BEF1-DC25B0BCA34B}.Release|Any CPU.Build.0 = Release|Any CPU
		{9DCBE311-62ED-4BD3-9C9A-2C2AB1B656CC}.Debug|Any CPU.ActiveCfg = Debug|Any CPU
		{9DCBE311-62ED-4BD3-9C9A-2C2AB1B656CC}.Debug|Any CPU.Build.0 = Debug|Any CPU
		{9DCBE311-62ED-4BD3-9C9A-2C2AB1B656CC}.Release|Any CPU.ActiveCfg = Release|Any CPU
		{9DCBE311-62ED-4BD3-9C9A-2C2AB1B656CC}.Release|Any CPU.Build.0 = Release|Any CPU
		{FDB691EA-4B6B-47ED-925B-EBD9AA726E46}.Debug|Any CPU.ActiveCfg = Debug|Any CPU
		{FDB691EA-4B6B-47ED-925B-EBD9AA726E46}.Debug|Any CPU.Build.0 = Debug|Any CPU
		{FDB691EA-4B6B-47ED-925B-EBD9AA726E46}.Release|Any CPU.ActiveCfg = Release|Any CPU
		{FDB691EA-4B6B-47ED-925B-EBD9AA726E46}.Release|Any CPU.Build.0 = Release|Any CPU
		{9AB3EAD8-3AB5-4986-9891-9BE705973021}.Debug|Any CPU.ActiveCfg = Debug|Any CPU
		{9AB3EAD8-3AB5-4986-9891-9BE705973021}.Debug|Any CPU.Build.0 = Debug|Any CPU
		{9AB3EAD8-3AB5-4986-9891-9BE705973021}.Release|Any CPU.ActiveCfg = Release|Any CPU
		{9AB3EAD8-3AB5-4986-9891-9BE705973021}.Release|Any CPU.Build.0 = Release|Any CPU
		{49F5FB84-7ADB-4C1D-B421-B3BC50B05550}.Debug|Any CPU.ActiveCfg = Debug|Any CPU
		{49F5FB84-7ADB-4C1D-B421-B3BC50B05550}.Debug|Any CPU.Build.0 = Debug|Any CPU
		{49F5FB84-7ADB-4C1D-B421-B3BC50B05550}.Release|Any CPU.ActiveCfg = Release|Any CPU
		{49F5FB84-7ADB-4C1D-B421-B3BC50B05550}.Release|Any CPU.Build.0 = Release|Any CPU
		{D6EB4CC8-48EE-47C5-8869-D98E0CD3643E}.Debug|Any CPU.ActiveCfg = Debug|Any CPU
		{D6EB4CC8-48EE-47C5-8869-D98E0CD3643E}.Debug|Any CPU.Build.0 = Debug|Any CPU
		{D6EB4CC8-48EE-47C5-8869-D98E0CD3643E}.Release|Any CPU.ActiveCfg = Release|Any CPU
		{D6EB4CC8-48EE-47C5-8869-D98E0CD3643E}.Release|Any CPU.Build.0 = Release|Any CPU
	EndGlobalSection
	GlobalSection(SolutionProperties) = preSolution
		HideSolutionNode = FALSE
	EndGlobalSection
	GlobalSection(ExtensibilityGlobals) = postSolution
		SolutionGuid = {834C0A67-97A7-4F86-9835-9F9FB1259EE0}
	EndGlobalSection
EndGlobal
